
Microsoft Visual Studio Solution File, Format Version 12.00
# Visual Studio Version 17
VisualStudioVersion = 17.5.33424.131
MinimumVisualStudioVersion = 10.0.40219.1
Project("{FAE04EC0-301F-11D3-BF4B-00C04F79EFBC}") = "AGADEapp", "AGADEapp\AGADEapp.csproj", "{482F3A36-1722-46C3-A990-7404C65BC3BB}"
EndProject
Global
	GlobalSection(SolutionConfigurationPlatforms) = preSolution
		Debug|Any CPU = Debug|Any CPU
		Release|Any CPU = Release|Any CPU
	EndGlobalSection
	GlobalSection(ProjectConfigurationPlatforms) = postSolution
		{482F3A36-1722-46C3-A990-7404C65BC3BB}.Debug|Any CPU.ActiveCfg = Debug|Any CPU
		{482F3A36-1722-46C3-A990-7404C65BC3BB}.Debug|Any CPU.Build.0 = Debug|Any CPU
		{482F3A36-1722-46C3-A990-7404C65BC3BB}.Release|Any CPU.ActiveCfg = Release|Any CPU
		{482F3A36-1722-46C3-A990-7404C65BC3BB}.Release|Any CPU.Build.0 = Release|Any CPU
	EndGlobalSection
	GlobalSection(SolutionProperties) = preSolution
		HideSolutionNode = FALSE
	EndGlobalSection
	GlobalSection(ExtensibilityGlobals) = postSolution
		SolutionGuid = {942FAC8F-76F6-48D4-A0FD-07A4B038F884}
	EndGlobalSection
EndGlobal
